
Microsoft Visual Studio Solution File, Format Version 12.00
# Visual Studio 15
VisualStudioVersion = 15.0.27703.2035
MinimumVisualStudioVersion = 10.0.40219.1
Project("{FAE04EC0-301F-11D3-BF4B-00C04F79EFBC}") = "ZxbLib.Collection", "ZxbLib.Collection\ZxbLib.Collection.csproj", "{B96DF317-1AA6-47C2-A183-A30726CE622A}"
EndProject
Project("{FAE04EC0-301F-11D3-BF4B-00C04F79EFBC}") = "ZxbLib.Collection.Test", "ZxbLib.Collection.Test\ZxbLib.Collection.Test.csproj", "{C325B636-DA3C-46BE-8ECA-D2AFC6A374E7}"
EndProject
Global
	GlobalSection(SolutionConfigurationPlatforms) = preSolution
		Debug|Any CPU = Debug|Any CPU
		Release|Any CPU = Release|Any CPU
	EndGlobalSection
	GlobalSection(ProjectConfigurationPlatforms) = postSolution
		{B96DF317-1AA6-47C2-A183-A30726CE622A}.Debug|Any CPU.ActiveCfg = Debug|Any CPU
		{B96DF317-1AA6-47C2-A183-A30726CE622A}.Debug|Any CPU.Build.0 = Debug|Any CPU
		{B96DF317-1AA6-47C2-A183-A30726CE622A}.Release|Any CPU.ActiveCfg = Release|Any CPU
		{B96DF317-1AA6-47C2-A183-A30726CE622A}.Release|Any CPU.Build.0 = Release|Any CPU
		{C325B636-DA3C-46BE-8ECA-D2AFC6A374E7}.Debug|Any CPU.ActiveCfg = Debug|Any CPU
		{C325B636-DA3C-46BE-8ECA-D2AFC6A374E7}.Debug|Any CPU.Build.0 = Debug|Any CPU
		{C325B636-DA3C-46BE-8ECA-D2AFC6A374E7}.Release|Any CPU.ActiveCfg = Release|Any CPU
		{C325B636-DA3C-46BE-8ECA-D2AFC6A374E7}.Release|Any CPU.Build.0 = Release|Any CPU
	EndGlobalSection
	GlobalSection(SolutionProperties) = preSolution
		HideSolutionNode = FALSE
	EndGlobalSection
	GlobalSection(ExtensibilityGlobals) = postSolution
		SolutionGuid = {58EE46BF-7CE9-4A7A-B07E-9FE4C0216AD5}
	EndGlobalSection
EndGlobal
